
Microsoft Visual Studio Solution File, Format Version 12.00
Project("{FAE04EC0-301F-11D3-BF4B-00C04F79EFBC}") = "Layer2.Domain", "Layer2.Domain\Layer2.Domain.csproj", "{14340083-8C85-4BA3-B904-D1DE983C4C27}"
EndProject
Project("{FAE04EC0-301F-11D3-BF4B-00C04F79EFBC}") = "Layer2.Domain.Tests", "Layer2.Domain.Tests\Layer2.Domain.Tests.csproj", "{57B199C9-B24E-41A1-BA81-F12B05E97B9C}"
EndProject
Project("{FAE04EC0-301F-11D3-BF4B-00C04F79EFBC}") = "Layer2.Persistence", "Layer2.Persistence\Layer2.Persistence.csproj", "{F821A15B-732D-453A-BD99-E93E83BC0FC1}"
EndProject
Global
	GlobalSection(SolutionConfigurationPlatforms) = preSolution
		Debug|Any CPU = Debug|Any CPU
		Release|Any CPU = Release|Any CPU
	EndGlobalSection
	GlobalSection(ProjectConfigurationPlatforms) = postSolution
		{57B199C9-B24E-41A1-BA81-F12B05E97B9C}.Debug|Any CPU.ActiveCfg = Debug|Any CPU
		{57B199C9-B24E-41A1-BA81-F12B05E97B9C}.Debug|Any CPU.Build.0 = Debug|Any CPU
		{57B199C9-B24E-41A1-BA81-F12B05E97B9C}.Release|Any CPU.ActiveCfg = Release|Any CPU
		{57B199C9-B24E-41A1-BA81-F12B05E97B9C}.Release|Any CPU.Build.0 = Release|Any CPU
		{F821A15B-732D-453A-BD99-E93E83BC0FC1}.Debug|Any CPU.ActiveCfg = Debug|Any CPU
		{F821A15B-732D-453A-BD99-E93E83BC0FC1}.Debug|Any CPU.Build.0 = Debug|Any CPU
		{F821A15B-732D-453A-BD99-E93E83BC0FC1}.Release|Any CPU.ActiveCfg = Release|Any CPU
		{F821A15B-732D-453A-BD99-E93E83BC0FC1}.Release|Any CPU.Build.0 = Release|Any CPU
	EndGlobalSection
EndGlobal
